
Microsoft Visual Studio Solution File, Format Version 12.00
# Visual Studio Version 16
VisualStudioVersion = 16.0.30717.126
MinimumVisualStudioVersion = 10.0.40219.1
Project("{FAE04EC0-301F-11D3-BF4B-00C04F79EFBC}") = "ValorantStreamOverlay", "ValorantStreamOverlay.csproj", "{A54B680D-DE0E-4CF7-843D-2E52A307E3DC}"
EndProject
Global
	GlobalSection(SolutionConfigurationPlatforms) = preSolution
		Debug|Any CPU = Debug|Any CPU
		Release|Any CPU = Release|Any CPU
	EndGlobalSection
	GlobalSection(ProjectConfigurationPlatforms) = postSolution
		{A54B680D-DE0E-4CF7-843D-2E52A307E3DC}.Debug|Any CPU.ActiveCfg = Debug|Any CPU
		{A54B680D-DE0E-4CF7-843D-2E52A307E3DC}.Debug|Any CPU.Build.0 = Debug|Any CPU
		{A54B680D-DE0E-4CF7-843D-2E52A307E3DC}.Release|Any CPU.ActiveCfg = Release|Any CPU
		{A54B680D-DE0E-4CF7-843D-2E52A307E3DC}.Release|Any CPU.Build.0 = Release|Any CPU
	EndGlobalSection
	GlobalSection(SolutionProperties) = preSolution
		HideSolutionNode = FALSE
	EndGlobalSection
	GlobalSection(ExtensibilityGlobals) = postSolution
		SolutionGuid = {AF6574D4-9165-414B-B42E-B5414AF40935}
	EndGlobalSection
EndGlobal
